// !$*UTF8*$!
{
	archiveVersion = 1;
	classes = {
	};
	objectVersion = 56;
	objects = {

/* Begin PBXBuildFile section */
		68197EE329F4C31400EA71EA /* AppDelegate.swift in Sources */ = {isa = PBXBuildFile; fileRef = 68197EE229F4C31400EA71EA /* AppDelegate.swift */; };
		68197EE529F4C31400EA71EA /* SceneDelegate.swift in Sources */ = {isa = PBXBuildFile; fileRef = 68197EE429F4C31400EA71EA /* SceneDelegate.swift */; };
		68197EE729F4C31400EA71EA /* ImagetoJSON.swift in Sources */ = {isa = PBXBuildFile; fileRef = 68197EE629F4C31400EA71EA /* ImagetoJSON.swift */; };
		68197EEA29F4C31400EA71EA /* Main.storyboard in Resources */ = {isa = PBXBuildFile; fileRef = 68197EE829F4C31400EA71EA /* Main.storyboard */; };
		68197EEC29F4C31600EA71EA /* Assets.xcassets in Resources */ = {isa = PBXBuildFile; fileRef = 68197EEB29F4C31600EA71EA /* Assets.xcassets */; };
		68197EEF29F4C31600EA71EA /* LaunchScreen.storyboard in Resources */ = {isa = PBXBuildFile; fileRef = 68197EED29F4C31600EA71EA /* LaunchScreen.storyboard */; };
		68197EFA29F4C31700EA71EA /* ImageToJSONTests.swift in Sources */ = {isa = PBXBuildFile; fileRef = 68197EF929F4C31700EA71EA /* ImageToJSONTests.swift */; };
		68197F0429F4C31700EA71EA /* ImageToJSONUITests.swift in Sources */ = {isa = PBXBuildFile; fileRef = 68197F0329F4C31700EA71EA /* ImageToJSONUITests.swift */; };
		68197F0629F4C31700EA71EA /* ImageToJSONUITestsLaunchTests.swift in Sources */ = {isa = PBXBuildFile; fileRef = 68197F0529F4C31700EA71EA /* ImageToJSONUITestsLaunchTests.swift */; };
		68197F1329F4C7E200EA71EA /* sampleImage.jpeg in Resources */ = {isa = PBXBuildFile; fileRef = 68197F1229F4C7E200EA71EA /* sampleImage.jpeg */; };
/* End PBXBuildFile section */

/* Begin PBXContainerItemProxy section */
		68197EF629F4C31700EA71EA /* PBXContainerItemProxy */ = {
			isa = PBXContainerItemProxy;
			containerPortal = 68197ED729F4C31400EA71EA /* Project object */;
			proxyType = 1;
			remoteGlobalIDString = 68197EDE29F4C31400EA71EA;
			remoteInfo = ImageToJSON;
		};
		68197F0029F4C31700EA71EA /* PBXContainerItemProxy */ = {
			isa = PBXContainerItemProxy;
			containerPortal = 68197ED729F4C31400EA71EA /* Project object */;
			proxyType = 1;
			remoteGlobalIDString = 68197EDE29F4C31400EA71EA;
			remoteInfo = ImageToJSON;
		};
/* End PBXContainerItemProxy section */

/* Begin PBXFileReference section */
		68197EDF29F4C31400EA71EA /* ImageToJSON.app */ = {isa = PBXFileReference; explicitFileType = wrapper.application; includeInIndex = 0; path = ImageToJSON.app; sourceTree = BUILT_PRODUCTS_DIR; };
		68197EE229F4C31400EA71EA /* AppDelegate.swift */ = {isa = PBXFileReference; lastKnownFileType = sourcecode.swift; path = AppDelegate.swift; sourceTree = "<group>"; };
		68197EE429F4C31400EA71EA /* SceneDelegate.swift */ = {isa = PBXFileReference; lastKnownFileType = sourcecode.swift; path = SceneDelegate.swift; sourceTree = "<group>"; };
		68197EE629F4C31400EA71EA /* ImagetoJSON.swift */ = {isa = PBXFileReference; lastKnownFileType = sourcecode.swift; path = ImagetoJSON.swift; sourceTree = "<group>"; };
		68197EE929F4C31400EA71EA /* Base */ = {isa = PBXFileReference; lastKnownFileType = file.storyboard; name = Base; path = Base.lproj/Main.storyboard; sourceTree = "<group>"; };
		68197EEB29F4C31600EA71EA /* Assets.xcassets */ = {isa = PBXFileReference; lastKnownFileType = folder.assetcatalog; path = Assets.xcassets; sourceTree = "<group>"; };
		68197EEE29F4C31600EA71EA /* Base */ = {isa = PBXFileReference; lastKnownFileType = file.storyboard; name = Base; path = Base.lproj/LaunchScreen.storyboard; sourceTree = "<group>"; };
		68197EF029F4C31600EA71EA /* Info.plist */ = {isa = PBXFileReference; lastKnownFileType = text.plist.xml; path = Info.plist; sourceTree = "<group>"; };
		68197EF529F4C31700EA71EA /* ImageToJSONTests.xctest */ = {isa = PBXFileReference; explicitFileType = wrapper.cfbundle; includeInIndex = 0; path = ImageToJSONTests.xctest; sourceTree = BUILT_PRODUCTS_DIR; };
		68197EF929F4C31700EA71EA /* ImageToJSONTests.swift */ = {isa = PBXFileReference; lastKnownFileType = sourcecode.swift; path = ImageToJSONTests.swift; sourceTree = "<group>"; };
		68197EFF29F4C31700EA71EA /* ImageToJSONUITests.xctest */ = {isa = PBXFileReference; explicitFileType = wrapper.cfbundle; includeInIndex = 0; path = ImageToJSONUITests.xctest; sourceTree = BUILT_PRODUCTS_DIR; };
		68197F0329F4C31700EA71EA /* ImageToJSONUITests.swift */ = {isa = PBXFileReference; lastKnownFileType = sourcecode.swift; path = ImageToJSONUITests.swift; sourceTree = "<group>"; };
		68197F0529F4C31700EA71EA /* ImageToJSONUITestsLaunchTests.swift */ = {isa = PBXFileReference; lastKnownFileType = sourcecode.swift; path = ImageToJSONUITestsLaunchTests.swift; sourceTree = "<group>"; };
		68197F1229F4C7E200EA71EA /* sampleImage.jpeg */ = {isa = PBXFileReference; lastKnownFileType = image.jpeg; path = sampleImage.jpeg; sourceTree = "<group>"; };
/* End PBXFileReference section */

/* Begin PBXFrameworksBuildPhase section */
		68197EDC29F4C31400EA71EA /* Frameworks */ = {
			isa = PBXFrameworksBuildPhase;
			buildActionMask = 2147483647;
			files = (
			);
			runOnlyForDeploymentPostprocessing = 0;
		};
		68197EF229F4C31700EA71EA /* Frameworks */ = {
			isa = PBXFrameworksBuildPhase;
			buildActionMask = 2147483647;
			files = (
			);
			runOnlyForDeploymentPostprocessing = 0;
		};
		68197EFC29F4C31700EA71EA /* Frameworks */ = {
			isa = PBXFrameworksBuildPhase;
			buildActionMask = 2147483647;
			files = (
			);
			runOnlyForDeploymentPostprocessing = 0;
		};
/* End PBXFrameworksBuildPhase section */

/* Begin PBXGroup section */
		68197ED629F4C31400EA71EA = {
			isa = PBXGroup;
			children = (
				68197EE129F4C31400EA71EA /* ImageToJSON */,
				68197EF829F4C31700EA71EA /* ImageToJSONTests */,
				68197F0229F4C31700EA71EA /* ImageToJSONUITests */,
				68197EE029F4C31400EA71EA /* Products */,
			);
			sourceTree = "<group>";
		};
		68197EE029F4C31400EA71EA /* Products */ = {
			isa = PBXGroup;
			children = (
				68197EDF29F4C31400EA71EA /* ImageToJSON.app */,
				68197EF529F4C31700EA71EA /* ImageToJSONTests.xctest */,
				68197EFF29F4C31700EA71EA /* ImageToJSONUITests.xctest */,
			);
			name = Products;
			sourceTree = "<group>";
		};
		68197EE129F4C31400EA71EA /* ImageToJSON */ = {
			isa = PBXGroup;
			children = (
				68197EE229F4C31400EA71EA /* AppDelegate.swift */,
				68197EE429F4C31400EA71EA /* SceneDelegate.swift */,
				68197EE629F4C31400EA71EA /* ImagetoJSON.swift */,
				68197EE829F4C31400EA71EA /* Main.storyboard */,
				68197EEB29F4C31600EA71EA /* Assets.xcassets */,
				68197EED29F4C31600EA71EA /* LaunchScreen.storyboard */,
				68197EF029F4C31600EA71EA /* Info.plist */,
				68197F1229F4C7E200EA71EA /* sampleImage.jpeg */,
			);
			path = ImageToJSON;
			sourceTree = "<group>";
		};
		68197EF829F4C31700EA71EA /* ImageToJSONTests */ = {
			isa = PBXGroup;
			children = (
				68197EF929F4C31700EA71EA /* ImageToJSONTests.swift */,
			);
			path = ImageToJSONTests;
			sourceTree = "<group>";
		};
		68197F0229F4C31700EA71EA /* ImageToJSONUITests */ = {
			isa = PBXGroup;
			children = (
				68197F0329F4C31700EA71EA /* ImageToJSONUITests.swift */,
				68197F0529F4C31700EA71EA /* ImageToJSONUITestsLaunchTests.swift */,
			);
			path = ImageToJSONUITests;
			sourceTree = "<group>";
		};
/* End PBXGroup section */

/* Begin PBXNativeTarget section */
		68197EDE29F4C31400EA71EA /* ImageToJSON */ = {
			isa = PBXNativeTarget;
			buildConfigurationList = 68197F0929F4C31700EA71EA /* Build configuration list for PBXNativeTarget "ImageToJSON" */;
			buildPhases = (
				68197EDB29F4C31400EA71EA /* Sources */,
				68197EDC29F4C31400EA71EA /* Frameworks */,
				68197EDD29F4C31400EA71EA /* Resources */,
			);
			buildRules = (
			);
			dependencies = (
			);
			name = ImageToJSON;
			productName = ImageToJSON;
			productReference = 68197EDF29F4C31400EA71EA /* ImageToJSON.app */;
			productType = "com.apple.product-type.application";
		};
		68197EF429F4C31700EA71EA /* ImageToJSONTests */ = {
			isa = PBXNativeTarget;
			buildConfigurationList = 68197F0C29F4C31700EA71EA /* Build configuration list for PBXNativeTarget "ImageToJSONTests" */;
			buildPhases = (
				68197EF129F4C31700EA71EA /* Sources */,
				68197EF229F4C31700EA71EA /* Frameworks */,
				68197EF329F4C31700EA71EA /* Resources */,
			);
			buildRules = (
			);
			dependencies = (
				68197EF729F4C31700EA71EA /* PBXTargetDependency */,
			);
			name = ImageToJSONTests;
			productName = ImageToJSONTests;
			productReference = 68197EF529F4C31700EA71EA /* ImageToJSONTests.xctest */;
			productType = "com.apple.product-type.bundle.unit-test";
		};
		68197EFE29F4C31700EA71EA /* ImageToJSONUITests */ = {
			isa = PBXNativeTarget;
			buildConfigurationList = 68197F0F29F4C31700EA71EA /* Build configuration list for PBXNativeTarget "ImageToJSONUITests" */;
			buildPhases = (
				68197EFB29F4C31700EA71EA /* Sources */,
				68197EFC29F4C31700EA71EA /* Frameworks */,
				68197EFD29F4C31700EA71EA /* Resources */,
			);
			buildRules = (
			);
			dependencies = (
				68197F0129F4C31700EA71EA /* PBXTargetDependency */,
			);
			name = ImageToJSONUITests;
			productName = ImageToJSONUITests;
			productReference = 68197EFF29F4C31700EA71EA /* ImageToJSONUITests.xctest */;
			productType = "com.apple.product-type.bundle.ui-testing";
		};
/* End PBXNativeTarget section */

/* Begin PBXProject section */
		68197ED729F4C31400EA71EA /* Project object */ = {
			isa = PBXProject;
			attributes = {
				BuildIndependentTargetsInParallel = 1;
				LastSwiftUpdateCheck = 1430;
				LastUpgradeCheck = 1430;
				TargetAttributes = {
					68197EDE29F4C31400EA71EA = {
						CreatedOnToolsVersion = 14.3;
					};
					68197EF429F4C31700EA71EA = {
						CreatedOnToolsVersion = 14.3;
						TestTargetID = 68197EDE29F4C31400EA71EA;
					};
					68197EFE29F4C31700EA71EA = {
						CreatedOnToolsVersion = 14.3;
						TestTargetID = 68197EDE29F4C31400EA71EA;
					};
				};
			};
			buildConfigurationList = 68197EDA29F4C31400EA71EA /* Build configuration list for PBXProject "ImageToJSON" */;
			compatibilityVersion = "Xcode 14.0";
			developmentRegion = en;
			hasScannedForEncodings = 0;
			knownRegions = (
				en,
				Base,
			);
			mainGroup = 68197ED629F4C31400EA71EA;
			productRefGroup = 68197EE029F4C31400EA71EA /* Products */;
			projectDirPath = "";
			projectRoot = "";
			targets = (
				68197EDE29F4C31400EA71EA /* ImageToJSON */,
				68197EF429F4C31700EA71EA /* ImageToJSONTests */,
				68197EFE29F4C31700EA71EA /* ImageToJSONUITests */,
			);
		};
/* End PBXProject section */

/* Begin PBXResourcesBuildPhase section */
		68197EDD29F4C31400EA71EA /* Resources */ = {
			isa = PBXResourcesBuildPhase;
			buildActionMask = 2147483647;
			files = (
				68197EEF29F4C31600EA71EA /* LaunchScreen.storyboard in Resources */,
				68197F1329F4C7E200EA71EA /* sampleImage.jpeg in Resources */,
				68197EEC29F4C31600EA71EA /* Assets.xcassets in Resources */,
				68197EEA29F4C31400EA71EA /* Main.storyboard in Resources */,
			);
			runOnlyForDeploymentPostprocessing = 0;
		};
		68197EF329F4C31700EA71EA /* Resources */ = {
			isa = PBXResourcesBuildPhase;
			buildActionMask = 2147483647;
			files = (
			);
			runOnlyForDeploymentPostprocessing = 0;
		};
		68197EFD29F4C31700EA71EA /* Resources */ = {
			isa = PBXResourcesBuildPhase;
			buildActionMask = 2147483647;
			files = (
			);
			runOnlyForDeploymentPostprocessing = 0;
		};
/* End PBXResourcesBuildPhase section */

/* Begin PBXSourcesBuildPhase section */
		68197EDB29F4C31400EA71EA /* Sources */ = {
			isa = PBXSourcesBuildPhase;
			buildActionMask = 2147483647;
			files = (
				68197EE729F4C31400EA71EA /* ImagetoJSON.swift in Sources */,
				68197EE329F4C31400EA71EA /* AppDelegate.swift in Sources */,
				68197EE529F4C31400EA71EA /* SceneDelegate.swift in Sources */,
			);
			runOnlyForDeploymentPostprocessing = 0;
		};
		68197EF129F4C31700EA71EA /* Sources */ = {
			isa = PBXSourcesBuildPhase;
			buildActionMask = 2147483647;
			files = (
				68197EFA29F4C31700EA71EA /* ImageToJSONTests.swift in Sources */,
			);
			runOnlyForDeploymentPostprocessing = 0;
		};
		68197EFB29F4C31700EA71EA /* Sources */ = {
			isa = PBXSourcesBuildPhase;
			buildActionMask = 2147483647;
			files = (
				68197F0429F4C31700EA71EA /* ImageToJSONUITests.swift in Sources */,
				68197F0629F4C31700EA71EA /* ImageToJSONUITestsLaunchTests.swift in Sources */,
			);
			runOnlyForDeploymentPostprocessing = 0;
		};
/* End PBXSourcesBuildPhase section */

/* Begin PBXTargetDependency section */
		68197EF729F4C31700EA71EA /* PBXTargetDependency */ = {
			isa = PBXTargetDependency;
			target = 68197EDE29F4C31400EA71EA /* ImageToJSON */;
			targetProxy = 68197EF629F4C31700EA71EA /* PBXContainerItemProxy */;
		};
		68197F0129F4C31700EA71EA /* PBXTargetDependency */ = {
			isa = PBXTargetDependency;
			target = 68197EDE29F4C31400EA71EA /* ImageToJSON */;
			targetProxy = 68197F0029F4C31700EA71EA /* PBXContainerItemProxy */;
		};
/* End PBXTargetDependency section */

/* Begin PBXVariantGroup section */
		68197EE829F4C31400EA71EA /* Main.storyboard */ = {
			isa = PBXVariantGroup;
			children = (
				68197EE929F4C31400EA71EA /* Base */,
			);
			name = Main.storyboard;
			sourceTree = "<group>";
		};
		68197EED29F4C31600EA71EA /* LaunchScreen.storyboard */ = {
			isa = PBXVariantGroup;
			children = (
				68197EEE29F4C31600EA71EA /* Base */,
			);
			name = LaunchScreen.storyboard;
			sourceTree = "<group>";
		};
/* End PBXVariantGroup section */

/* Begin XCBuildConfiguration section */
		68197F0729F4C31700EA71EA /* Debug */ = {
			isa = XCBuildConfiguration;
			buildSettings = {
				ALWAYS_SEARCH_USER_PATHS = NO;
				CLANG_ANALYZER_NONNULL = YES;
				CLANG_ANALYZER_NUMBER_OBJECT_CONVERSION = YES_AGGRESSIVE;
				CLANG_CXX_LANGUAGE_STANDARD = "gnu++20";
				CLANG_ENABLE_MODULES = YES;
				CLANG_ENABLE_OBJC_ARC = YES;
				CLANG_ENABLE_OBJC_WEAK = YES;
				CLANG_WARN_BLOCK_CAPTURE_AUTORELEASING = YES;
				CLANG_WARN_BOOL_CONVERSION = YES;
				CLANG_WARN_COMMA = YES;
				CLANG_WARN_CONSTANT_CONVERSION = YES;
				CLANG_WARN_DEPRECATED_OBJC_IMPLEMENTATIONS = YES;
				CLANG_WARN_DIRECT_OBJC_ISA_USAGE = YES_ERROR;
				CLANG_WARN_DOCUMENTATION_COMMENTS = YES;
				CLANG_WARN_EMPTY_BODY = YES;
				CLANG_WARN_ENUM_CONVERSION = YES;
				CLANG_WARN_INFINITE_RECURSION = YES;
				CLANG_WARN_INT_CONVERSION = YES;
				CLANG_WARN_NON_LITERAL_NULL_CONVERSION = YES;
				CLANG_WARN_OBJC_IMPLICIT_RETAIN_SELF = YES;
				CLANG_WARN_OBJC_LITERAL_CONVERSION = YES;
				CLANG_WARN_OBJC_ROOT_CLASS = YES_ERROR;
				CLANG_WARN_QUOTED_INCLUDE_IN_FRAMEWORK_HEADER = YES;
				CLANG_WARN_RANGE_LOOP_ANALYSIS = YES;
				CLANG_WARN_STRICT_PROTOTYPES = YES;
				CLANG_WARN_SUSPICIOUS_MOVE = YES;
				CLANG_WARN_UNGUARDED_AVAILABILITY = YES_AGGRESSIVE;
				CLANG_WARN_UNREACHABLE_CODE = YES;
				CLANG_WARN__DUPLICATE_METHOD_MATCH = YES;
				COPY_PHASE_STRIP = NO;
				DEBUG_INFORMATION_FORMAT = dwarf;
				ENABLE_STRICT_OBJC_MSGSEND = YES;
				ENABLE_TESTABILITY = YES;
				GCC_C_LANGUAGE_STANDARD = gnu11;
				GCC_DYNAMIC_NO_PIC = NO;
				GCC_NO_COMMON_BLOCKS = YES;
				GCC_OPTIMIZATION_LEVEL = 0;
				GCC_PREPROCESSOR_DEFINITIONS = (
					"DEBUG=1",
					"$(inherited)",
				);
				GCC_WARN_64_TO_32_BIT_CONVERSION = YES;
				GCC_WARN_ABOUT_RETURN_TYPE = YES_ERROR;
				GCC_WARN_UNDECLARED_SELECTOR = YES;
				GCC_WARN_UNINITIALIZED_AUTOS = YES_AGGRESSIVE;
				GCC_WARN_UNUSED_FUNCTION = YES;
				GCC_WARN_UNUSED_VARIABLE = YES;
				IPHONEOS_DEPLOYMENT_TARGET = 16.4;
				MTL_ENABLE_DEBUG_INFO = INCLUDE_SOURCE;
				MTL_FAST_MATH = YES;
				ONLY_ACTIVE_ARCH = YES;
				SDKROOT = iphoneos;
				SWIFT_ACTIVE_COMPILATION_CONDITIONS = DEBUG;
				SWIFT_OPTIMIZATION_LEVEL = "-Onone";
			};
			name = Debug;
		};
		68197F0829F4C31700EA71EA /* Release */ = {
			isa = XCBuildConfiguration;
			buildSettings = {
				ALWAYS_SEARCH_USER_PATHS = NO;
				CLANG_ANALYZER_NONNULL = YES;
				CLANG_ANALYZER_NUMBER_OBJECT_CONVERSION = YES_AGGRESSIVE;
				CLANG_CXX_LANGUAGE_STANDARD = "gnu++20";
				CLANG_ENABLE_MODULES = YES;
				CLANG_ENABLE_OBJC_ARC = YES;
				CLANG_ENABLE_OBJC_WEAK = YES;
				CLANG_WARN_BLOCK_CAPTURE_AUTORELEASING = YES;
				CLANG_WARN_BOOL_CONVERSION = YES;
				CLANG_WARN_COMMA = YES;
				CLANG_WARN_CONSTANT_CONVERSION = YES;
				CLANG_WARN_DEPRECATED_OBJC_IMPLEMENTATIONS = YES;
				CLANG_WARN_DIRECT_OBJC_ISA_USAGE = YES_ERROR;
				CLANG_WARN_DOCUMENTATION_COMMENTS = YES;
				CLANG_WARN_EMPTY_BODY = YES;
				CLANG_WARN_ENUM_CONVERSION = YES;
				CLANG_WARN_INFINITE_RECURSION = YES;
				CLANG_WARN_INT_CONVERSION = YES;
				CLANG_WARN_NON_LITERAL_NULL_CONVERSION = YES;
				CLANG_WARN_OBJC_IMPLICIT_RETAIN_SELF = YES;
				CLANG_WARN_OBJC_LITERAL_CONVERSION = YES;
				CLANG_WARN_OBJC_ROOT_CLASS = YES_ERROR;
				CLANG_WARN_QUOTED_INCLUDE_IN_FRAMEWORK_HEADER = YES;
				CLANG_WARN_RANGE_LOOP_ANALYSIS = YES;
				CLANG_WARN_STRICT_PROTOTYPES = YES;
				CLANG_WARN_SUSPICIOUS_MOVE = YES;
				CLANG_WARN_UNGUARDED_AVAILABILITY = YES_AGGRESSIVE;
				CLANG_WARN_UNREACHABLE_CODE = YES;
				CLANG_WARN__DUPLICATE_METHOD_MATCH = YES;
				COPY_PHASE_STRIP = NO;
				DEBUG_INFORMATION_FORMAT = "dwarf-with-dsym";
				ENABLE_NS_ASSERTIONS = NO;
				ENABLE_STRICT_OBJC_MSGSEND = YES;
				GCC_C_LANGUAGE_STANDARD = gnu11;
				GCC_NO_COMMON_BLOCKS = YES;
				GCC_WARN_64_TO_32_BIT_CONVERSION = YES;
				GCC_WARN_ABOUT_RETURN_TYPE = YES_ERROR;
				GCC_WARN_UNDECLARED_SELECTOR = YES;
				GCC_WARN_UNINITIALIZED_AUTOS = YES_AGGRESSIVE;
				GCC_WARN_UNUSED_FUNCTION = YES;
				GCC_WARN_UNUSED_VARIABLE = YES;
				IPHONEOS_DEPLOYMENT_TARGET = 16.4;
				MTL_ENABLE_DEBUG_INFO = NO;
				MTL_FAST_MATH = YES;
				SDKROOT = iphoneos;
				SWIFT_COMPILATION_MODE = wholemodule;
				SWIFT_OPTIMIZATION_LEVEL = "-O";
				VALIDATE_PRODUCT = YES;
			};
			name = Release;
		};
		68197F0A29F4C31700EA71EA /* Debug */ = {
			isa = XCBuildConfiguration;
			buildSettings = {
				ASSETCATALOG_COMPILER_APPICON_NAME = AppIcon;
				ASSETCATALOG_COMPILER_GLOBAL_ACCENT_COLOR_NAME = AccentColor;
				CODE_SIGN_STYLE = Automatic;
				CURRENT_PROJECT_VERSION = 1;
				GENERATE_INFOPLIST_FILE = YES;
				INFOPLIST_FILE = ImageToJSON/Info.plist;
				INFOPLIST_KEY_UIApplicationSupportsIndirectInputEvents = YES;
				INFOPLIST_KEY_UILaunchStoryboardName = LaunchScreen;
				INFOPLIST_KEY_UIMainStoryboardFile = Main;
				INFOPLIST_KEY_UISupportedInterfaceOrientations_iPad = "UIInterfaceOrientationPortrait UIInterfaceOrientationPortraitUpsideDown UIInterfaceOrientationLandscapeLeft UIInterfaceOrientationLandscapeRight";
				INFOPLIST_KEY_UISupportedInterfaceOrientations_iPhone = "UIInterfaceOrientationPortrait UIInterfaceOrientationLandscapeLeft UIInterfaceOrientationLandscapeRight";
				LD_RUNPATH_SEARCH_PATHS = (
					"$(inherited)",
					"@executable_path/Frameworks",
				);
				MARKETING_VERSION = 1.0;
				PRODUCT_BUNDLE_IDENTIFIER = NA.ImageToJSON;
				PRODUCT_NAME = "$(TARGET_NAME)";
				SWIFT_EMIT_LOC_STRINGS = YES;
				SWIFT_VERSION = 5.0;
				TARGETED_DEVICE_FAMILY = "1,2";
			};
			name = Debug;
		};
		68197F0B29F4C31700EA71EA /* Release */ = {
			isa = XCBuildConfiguration;
			buildSettings = {
				ASSETCATALOG_COMPILER_APPICON_NAME = AppIcon;
				ASSETCATALOG_COMPILER_GLOBAL_ACCENT_COLOR_NAME = AccentColor;
				CODE_SIGN_STYLE = Automatic;
				CURRENT_PROJECT_VERSION = 1;
				GENERATE_INFOPLIST_FILE = YES;
				INFOPLIST_FILE = ImageToJSON/Info.plist;
				INFOPLIST_KEY_UIApplicationSupportsIndirectInputEvents = YES;
				INFOPLIST_KEY_UILaunchStoryboardName = LaunchScreen;
				INFOPLIST_KEY_UIMainStoryboardFile = Main;
				INFOPLIST_KEY_UISupportedInterfaceOrientations_iPad = "UIInterfaceOrientationPortrait UIInterfaceOrientationPortraitUpsideDown UIInterfaceOrientationLandscapeLeft UIInterfaceOrientationLandscapeRight";
				INFOPLIST_KEY_UISupportedInterfaceOrientations_iPhone = "UIInterfaceOrientationPortrait UIInterfaceOrientationLandscapeLeft UIInterfaceOrientationLandscapeRight";
				LD_RUNPATH_SEARCH_PATHS = (
					"$(inherited)",
					"@executable_path/Frameworks",
				);
				MARKETING_VERSION = 1.0;
				PRODUCT_BUNDLE_IDENTIFIER = NA.ImageToJSON;
				PRODUCT_NAME = "$(TARGET_NAME)";
				SWIFT_EMIT_LOC_STRINGS = YES;
				SWIFT_VERSION = 5.0;
				TARGETED_DEVICE_FAMILY = "1,2";
			};
			name = Release;
		};
		68197F0D29F4C31700EA71EA /* Debug */ = {
			isa = XCBuildConfiguration;
			buildSettings = {
				ALWAYS_EMBED_SWIFT_STANDARD_LIBRARIES = YES;
				BUNDLE_LOADER = "$(TEST_HOST)";
				CODE_SIGN_STYLE = Automatic;
				CURRENT_PROJECT_VERSION = 1;
				GENERATE_INFOPLIST_FILE = YES;
				IPHONEOS_DEPLOYMENT_TARGET = 16.4;
				MARKETING_VERSION = 1.0;
				PRODUCT_BUNDLE_IDENTIFIER = NA.ImageToJSONTests;
				PRODUCT_NAME = "$(TARGET_NAME)";
				SWIFT_EMIT_LOC_STRINGS = NO;
				SWIFT_VERSION = 5.0;
				TARGETED_DEVICE_FAMILY = "1,2";
				TEST_HOST = "$(BUILT_PRODUCTS_DIR)/ImageToJSON.app/$(BUNDLE_EXECUTABLE_FOLDER_PATH)/ImageToJSON";
			};
			name = Debug;
		};
		68197F0E29F4C31700EA71EA /* Release */ = {
			isa = XCBuildConfiguration;
			buildSettings = {
				ALWAYS_EMBED_SWIFT_STANDARD_LIBRARIES = YES;
				BUNDLE_LOADER = "$(TEST_HOST)";
				CODE_SIGN_STYLE = Automatic;
				CURRENT_PROJECT_VERSION = 1;
				GENERATE_INFOPLIST_FILE = YES;
				IPHONEOS_DEPLOYMENT_TARGET = 16.4;
				MARKETING_VERSION = 1.0;
				PRODUCT_BUNDLE_IDENTIFIER = NA.ImageToJSONTests;
				PRODUCT_NAME = "$(TARGET_NAME)";
				SWIFT_EMIT_LOC_STRINGS = NO;
				SWIFT_VERSION = 5.0;
				TARGETED_DEVICE_FAMILY = "1,2";
				TEST_HOST = "$(BUILT_PRODUCTS_DIR)/ImageToJSON.app/$(BUNDLE_EXECUTABLE_FOLDER_PATH)/ImageToJSON";
			};
			name = Release;
		};
		68197F1029F4C31700EA71EA /* Debug */ = {
			isa = XCBuildConfiguration;
			buildSettings = {
				ALWAYS_EMBED_SWIFT_STANDARD_LIBRARIES = YES;
				CODE_SIGN_STYLE = Automatic;
				CURRENT_PROJECT_VERSION = 1;
				GENERATE_INFOPLIST_FILE = YES;
				MARKETING_VERSION = 1.0;
				PRODUCT_BUNDLE_IDENTIFIER = NA.ImageToJSONUITests;
				PRODUCT_NAME = "$(TARGET_NAME)";
				SWIFT_EMIT_LOC_STRINGS = NO;
				SWIFT_VERSION = 5.0;
				TARGETED_DEVICE_FAMILY = "1,2";
				TEST_TARGET_NAME = ImageToJSON;
			};
			name = Debug;
		};
		68197F1129F4C31700EA71EA /* Release */ = {
			isa = XCBuildConfiguration;
			buildSettings = {
				ALWAYS_EMBED_SWIFT_STANDARD_LIBRARIES = YES;
				CODE_SIGN_STYLE = Automatic;
				CURRENT_PROJECT_VERSION = 1;
				GENERATE_INFOPLIST_FILE = YES;
				MARKETING_VERSION = 1.0;
				PRODUCT_BUNDLE_IDENTIFIER = NA.ImageToJSONUITests;
				PRODUCT_NAME = "$(TARGET_NAME)";
				SWIFT_EMIT_LOC_STRINGS = NO;
				SWIFT_VERSION = 5.0;
				TARGETED_DEVICE_FAMILY = "1,2";
				TEST_TARGET_NAME = ImageToJSON;
			};
			name = Release;
		};
/* End XCBuildConfiguration section */

/* Begin XCConfigurationList section */
		68197EDA29F4C31400EA71EA /* Build configuration list for PBXProject "ImageToJSON" */ = {
			isa = XCConfigurationList;
			buildConfigurations = (
				68197F0729F4C31700EA71EA /* Debug */,
				68197F0829F4C31700EA71EA /* Release */,
			);
			defaultConfigurationIsVisible = 0;
			defaultConfigurationName = Release;
		};
		68197F0929F4C31700EA71EA /* Build configuration list for PBXNativeTarget "ImageToJSON" */ = {
			isa = XCConfigurationList;
			buildConfigurations = (
				68197F0A29F4C31700EA71EA /* Debug */,
				68197F0B29F4C31700EA71EA /* Release */,
			);
			defaultConfigurationIsVisible = 0;
			defaultConfigurationName = Release;
		};
		68197F0C29F4C31700EA71EA /* Build configuration list for PBXNativeTarget "ImageToJSONTests" */ = {
			isa = XCConfigurationList;
			buildConfigurations = (
				68197F0D29F4C31700EA71EA /* Debug */,
				68197F0E29F4C31700EA71EA /* Release */,
			);
			defaultConfigurationIsVisible = 0;
			defaultConfigurationName = Release;
		};
		68197F0F29F4C31700EA71EA /* Build configuration list for PBXNativeTarget "ImageToJSONUITests" */ = {
			isa = XCConfigurationList;
			buildConfigurations = (
				68197F1029F4C31700EA71EA /* Debug */,
				68197F1129F4C31700EA71EA /* Release */,
			);
			defaultConfigurationIsVisible = 0;
			defaultConfigurationName = Release;
		};
/* End XCConfigurationList section */
	};
	rootObject = 68197ED729F4C31400EA71EA /* Project object */;
}
